
Microsoft Visual Studio Solution File, Format Version 12.00
# Visual Studio Version 16
VisualStudioVersion = 16.0.28714.193
MinimumVisualStudioVersion = 10.0.40219.1
Project("{FAE04EC0-301F-11D3-BF4B-00C04F79EFBC}") = "Resource.Api", "Resource.Api\Resource.Api.csproj", "{07809395-2C7A-4DC3-B7E5-B3F067810C7A}"
EndProject
Global
	GlobalSection(SolutionConfigurationPlatforms) = preSolution
		Debug|Any CPU = Debug|Any CPU
		Release|Any CPU = Release|Any CPU
	EndGlobalSection
	GlobalSection(ProjectConfigurationPlatforms) = postSolution
		{07809395-2C7A-4DC3-B7E5-B3F067810C7A}.Debug|Any CPU.ActiveCfg = Debug|Any CPU
		{07809395-2C7A-4DC3-B7E5-B3F067810C7A}.Debug|Any CPU.Build.0 = Debug|Any CPU
		{07809395-2C7A-4DC3-B7E5-B3F067810C7A}.Release|Any CPU.ActiveCfg = Release|Any CPU
		{07809395-2C7A-4DC3-B7E5-B3F067810C7A}.Release|Any CPU.Build.0 = Release|Any CPU
	EndGlobalSection
	GlobalSection(SolutionProperties) = preSolution
		HideSolutionNode = FALSE
	EndGlobalSection
	GlobalSection(ExtensibilityGlobals) = postSolution
		SolutionGuid = {3BCD5E51-CBC4-4045-82BC-56B172DC980D}
	EndGlobalSection
EndGlobal
