
Microsoft Visual Studio Solution File, Format Version 12.00
# Visual Studio 15
VisualStudioVersion = 15.0.28307.489
MinimumVisualStudioVersion = 10.0.40219.1
Project("{9A19103F-16F7-4668-BE54-9A1E7A4F7556}") = "AuthServer", "AuthServer\AuthServer.csproj", "{852AD52D-F755-443E-99B9-4CDE0DDA3FF4}"
EndProject
Global
	GlobalSection(SolutionConfigurationPlatforms) = preSolution
		Debug|Any CPU = Debug|Any CPU
		Release|Any CPU = Release|Any CPU
	EndGlobalSection
	GlobalSection(ProjectConfigurationPlatforms) = postSolution
		{852AD52D-F755-443E-99B9-4CDE0DDA3FF4}.Debug|Any CPU.ActiveCfg = Debug|Any CPU
		{852AD52D-F755-443E-99B9-4CDE0DDA3FF4}.Debug|Any CPU.Build.0 = Debug|Any CPU
		{852AD52D-F755-443E-99B9-4CDE0DDA3FF4}.Release|Any CPU.ActiveCfg = Release|Any CPU
		{852AD52D-F755-443E-99B9-4CDE0DDA3FF4}.Release|Any CPU.Build.0 = Release|Any CPU
	EndGlobalSection
	GlobalSection(SolutionProperties) = preSolution
		HideSolutionNode = FALSE
	EndGlobalSection
	GlobalSection(ExtensibilityGlobals) = postSolution
		SolutionGuid = {798D95C6-049E-4430-8931-CDF6D4AFA342}
	EndGlobalSection
EndGlobal
