
Microsoft Visual Studio Solution File, Format Version 12.00
# Visual Studio Version 16
VisualStudioVersion = 16.0.28705.295
MinimumVisualStudioVersion = 10.0.40219.1
Project("{9A19103F-16F7-4668-BE54-9A1E7A4F7556}") = "AuthServer.Infrastructure", "AuthServer.Infrastructure\AuthServer.Infrastructure.csproj", "{6E5DAF8E-4CEE-49E3-B9B5-448D1216A868}"
EndProject
Project("{9A19103F-16F7-4668-BE54-9A1E7A4F7556}") = "AuthServer", "AuthServer\AuthServer.csproj", "{9838346D-ED85-49CC-A066-92D31D009A4E}"
EndProject
Global
	GlobalSection(SolutionConfigurationPlatforms) = preSolution
		Debug|Any CPU = Debug|Any CPU
		Release|Any CPU = Release|Any CPU
	EndGlobalSection
	GlobalSection(ProjectConfigurationPlatforms) = postSolution
		{6E5DAF8E-4CEE-49E3-B9B5-448D1216A868}.Debug|Any CPU.ActiveCfg = Debug|Any CPU
		{6E5DAF8E-4CEE-49E3-B9B5-448D1216A868}.Debug|Any CPU.Build.0 = Debug|Any CPU
		{6E5DAF8E-4CEE-49E3-B9B5-448D1216A868}.Release|Any CPU.ActiveCfg = Release|Any CPU
		{6E5DAF8E-4CEE-49E3-B9B5-448D1216A868}.Release|Any CPU.Build.0 = Release|Any CPU
		{9838346D-ED85-49CC-A066-92D31D009A4E}.Debug|Any CPU.ActiveCfg = Debug|Any CPU
		{9838346D-ED85-49CC-A066-92D31D009A4E}.Debug|Any CPU.Build.0 = Debug|Any CPU
		{9838346D-ED85-49CC-A066-92D31D009A4E}.Release|Any CPU.ActiveCfg = Release|Any CPU
		{9838346D-ED85-49CC-A066-92D31D009A4E}.Release|Any CPU.Build.0 = Release|Any CPU
	EndGlobalSection
	GlobalSection(SolutionProperties) = preSolution
		HideSolutionNode = FALSE
	EndGlobalSection
	GlobalSection(ExtensibilityGlobals) = postSolution
		SolutionGuid = {798D95C6-049E-4430-8931-CDF6D4AFA342}
	EndGlobalSection
EndGlobal
